
Microsoft Visual Studio Solution File, Format Version 12.00
# Visual Studio Version 16
VisualStudioVersion = 16.0.29613.14
MinimumVisualStudioVersion = 10.0.40219.1
Project("{FAE04EC0-301F-11D3-BF4B-00C04F79EFBC}") = "WebBrowser.UI", "WebBrowser.UI\WebBrowser.UI.csproj", "{DA2F503D-B186-44D9-A20B-D75AB1866638}"
EndProject
Project("{9A19103F-16F7-4668-BE54-9A1E7A4F7556}") = "WebBrowser.Logic", "WebBrowser.Logic\WebBrowser.Logic.csproj", "{3118F33B-86C4-431F-BEAC-A249EA92A45F}"
EndProject
Project("{9A19103F-16F7-4668-BE54-9A1E7A4F7556}") = "WebBrowser.Data", "WebBrowser.Data\WebBrowser.Data.csproj", "{EAC2F97A-AFA9-4B43-94AD-B3CC9C5CC572}"
EndProject
Global
	GlobalSection(SolutionConfigurationPlatforms) = preSolution
		Debug|Any CPU = Debug|Any CPU
		Release|Any CPU = Release|Any CPU
	EndGlobalSection
	GlobalSection(ProjectConfigurationPlatforms) = postSolution
		{DA2F503D-B186-44D9-A20B-D75AB1866638}.Debug|Any CPU.ActiveCfg = Debug|Any CPU
		{DA2F503D-B186-44D9-A20B-D75AB1866638}.Debug|Any CPU.Build.0 = Debug|Any CPU
		{DA2F503D-B186-44D9-A20B-D75AB1866638}.Release|Any CPU.ActiveCfg = Release|Any CPU
		{DA2F503D-B186-44D9-A20B-D75AB1866638}.Release|Any CPU.Build.0 = Release|Any CPU
		{3118F33B-86C4-431F-BEAC-A249EA92A45F}.Debug|Any CPU.ActiveCfg = Debug|Any CPU
		{3118F33B-86C4-431F-BEAC-A249EA92A45F}.Debug|Any CPU.Build.0 = Debug|Any CPU
		{3118F33B-86C4-431F-BEAC-A249EA92A45F}.Release|Any CPU.ActiveCfg = Release|Any CPU
		{3118F33B-86C4-431F-BEAC-A249EA92A45F}.Release|Any CPU.Build.0 = Release|Any CPU
		{EAC2F97A-AFA9-4B43-94AD-B3CC9C5CC572}.Debug|Any CPU.ActiveCfg = Debug|Any CPU
		{EAC2F97A-AFA9-4B43-94AD-B3CC9C5CC572}.Debug|Any CPU.Build.0 = Debug|Any CPU
		{EAC2F97A-AFA9-4B43-94AD-B3CC9C5CC572}.Release|Any CPU.ActiveCfg = Release|Any CPU
		{EAC2F97A-AFA9-4B43-94AD-B3CC9C5CC572}.Release|Any CPU.Build.0 = Release|Any CPU
	EndGlobalSection
	GlobalSection(SolutionProperties) = preSolution
		HideSolutionNode = FALSE
	EndGlobalSection
	GlobalSection(ExtensibilityGlobals) = postSolution
		SolutionGuid = {DF648556-A3A2-40E5-96FE-2F037AC99899}
	EndGlobalSection
EndGlobal
